
Microsoft Visual Studio Solution File, Format Version 12.00
# Visual Studio Version 16
VisualStudioVersion = 16.0.30717.126
MinimumVisualStudioVersion = 10.0.40219.1
Project("{9A19103F-16F7-4668-BE54-9A1E7A4F7556}") = "ShopWebApi", "ShopWebApi\ShopWebApi.csproj", "{8A4593D1-A98B-4AAE-AB93-372CDFE61D0E}"
EndProject
Global
	GlobalSection(SolutionConfigurationPlatforms) = preSolution
		Debug|Any CPU = Debug|Any CPU
		Release|Any CPU = Release|Any CPU
	EndGlobalSection
	GlobalSection(ProjectConfigurationPlatforms) = postSolution
		{8A4593D1-A98B-4AAE-AB93-372CDFE61D0E}.Debug|Any CPU.ActiveCfg = Debug|Any CPU
		{8A4593D1-A98B-4AAE-AB93-372CDFE61D0E}.Debug|Any CPU.Build.0 = Debug|Any CPU
		{8A4593D1-A98B-4AAE-AB93-372CDFE61D0E}.Release|Any CPU.ActiveCfg = Release|Any CPU
		{8A4593D1-A98B-4AAE-AB93-372CDFE61D0E}.Release|Any CPU.Build.0 = Release|Any CPU
	EndGlobalSection
	GlobalSection(SolutionProperties) = preSolution
		HideSolutionNode = FALSE
	EndGlobalSection
	GlobalSection(ExtensibilityGlobals) = postSolution
		SolutionGuid = {C1136ED8-1B5E-4C63-89FE-3B4135F3C742}
	EndGlobalSection
EndGlobal
